<?xml version="1.0" encoding="utf-8"?>
<Project ToolsVersion="4.0" xmlns="http://schemas.microsoft.com/developer/msbuild/2003">
  <ItemGroup>
    <Filter Include="Source Files">
      <UniqueIdentifier>{4FC737F1-C7A5-4376-A066-2A32D752A2FF}</UniqueIdentifier>
      <Extensions>cpp;c;cc;cxx;c++;cppm;ixx;def;odl;idl;hpj;bat;asm;asmx</Extensions>
    </Filter>
    <Filter Include="Header Files">
      <UniqueIdentifier>{93995380-89BD-4b04-88EB-625FBE52EBFB}</UniqueIdentifier>
      <Extensions>h;hh;hpp;hxx;h++;hm;inl;inc;ipp;xsd</Extensions>
    </Filter>
    <Filter Include="Resource Files">
      <UniqueIdentifier>{67DA6AB6-F800-4c08-8B7A-83BB121AAD01}</UniqueIdentifier>
      <Extensions>rc;ico;cur;bmp;dlg;rc2;rct;bin;rgs;gif;jpg;jpeg;jpe;resx;tiff;tif;png;wav;mfcribbon-ms</Extensions>
    </Filter>
    <Filter Include="Assets">
      <UniqueIdentifier>{4ba10ac8-29d7-48ce-9562-f49b392600c7}</UniqueIdentifier>
    </Filter>
    <Filter Include="Assets\Scenes">
      <UniqueIdentifier>{f1304058-28ac-4f32-9280-74a7470737f2}</UniqueIdentifier>
    </Filter>
    <Filter Include="Assets\Materials">
      <UniqueIdentifier>{aa3a4a6e-2334-4ba8-aa10-4b6efac29aac}</UniqueIdentifier>
    </Filter>
    <Filter Include="Assets\Shaders">
      <UniqueIdentifier>{d92efb15-52aa-495a-82d8-15bb3bad27c0}</UniqueIdentifier>
    </Filter>
    <Filter Include="Assets\Lit">
      <UniqueIdentifier>{ca340db1-f66a-49aa-b2e7-7978a05162fc}</UniqueIdentifier>
    </Filter>
    <Filter Include="Assets\UnLit">
      <UniqueIdentifier>{a873ea30-46f1-49e8-976c-afade848fdd1}</UniqueIdentifier>
    </Filter>
  </ItemGroup>
  <ItemGroup>
    <ClCompile Include="Main.cpp">
      <Filter>Source Files</Filter>
    </ClCompile>
  </ItemGroup>
  <ItemGroup>
    <None Include="..\Build\Assets\Scenes\basic.scn">
      <Filter>Assets\Scenes</Filter>
    </None>
    <None Include="..\Build\Assets\Materials\box.mtrl">
      <Filter>Assets\Materials</Filter>
    </None>
    <None Include="..\Build\Assets\Shaders\basic.frag">
      <Filter>Assets\Shaders</Filter>
    </None>
    <None Include="..\Build\Assets\Shaders\basic.prog">
      <Filter>Assets\Shaders</Filter>
    </None>
    <None Include="..\Build\Assets\Shaders\basic.vert">
      <Filter>Assets\Shaders</Filter>
    </None>
    <None Include="..\Build\Assets\Materials\ogre.mtrl">
      <Filter>Assets\Materials</Filter>
    </None>
    <None Include="..\Build\Assets\Shaders\basic_lit.frag">
      <Filter>Assets\Shaders</Filter>
    </None>
    <None Include="..\Build\Assets\Shaders\basic_lit.prog">
      <Filter>Assets\Shaders</Filter>
    </None>
    <None Include="..\Build\Assets\Shaders\basic_lit.vert">
      <Filter>Assets\Shaders</Filter>
    </None>
    <None Include="..\Build\Assets\Scenes\basic_lit.scn">
      <Filter>Assets\Scenes</Filter>
    </None>
    <None Include="..\Build\Assets\Materials\plane.mtrl">
      <Filter>Assets\Materials</Filter>
    </None>
    <None Include="..\Build\Assets\Shaders\basic_phong.frag">
      <Filter>Assets\Shaders</Filter>
    </None>
    <None Include="..\Build\Assets\Shaders\basic_phong.prog">
      <Filter>Assets\Shaders</Filter>
    </None>
    <None Include="..\Build\Assets\Shaders\basic_phong.vert">
      <Filter>Assets\Shaders</Filter>
    </None>
    <None Include="..\Build\Assets\Scenes\texture.scn">
      <Filter>Assets\Scenes</Filter>
    </None>
    <None Include="..\Build\Assets\Materials\multi.mtrl">
      <Filter>Assets\Materials</Filter>
    </None>
    <None Include="..\Build\Assets\Shaders\texture_phong.frag">
      <Filter>Assets\Shaders</Filter>
    </None>
    <None Include="..\Build\Assets\Shaders\texture_phong.prog">
      <Filter>Assets\Shaders</Filter>
    </None>
    <None Include="..\Build\Assets\Shaders\texture_phong.vert">
      <Filter>Assets\Shaders</Filter>
    </None>
    <None Include="..\Build\Assets\Shaders\normal_phong.frag">
      <Filter>Assets\Shaders</Filter>
    </None>
    <None Include="..\Build\Assets\Shaders\normal_phong.prog">
      <Filter>Assets\Shaders</Filter>
    </None>
    <None Include="..\Build\Assets\Shaders\normal_phong.vert">
      <Filter>Assets\Shaders</Filter>
    </None>
  </ItemGroup>
</Project>